
Microsoft Visual Studio Solution File, Format Version 12.00
# Visual Studio Version 16
VisualStudioVersion = 16.0.31702.278
MinimumVisualStudioVersion = 10.0.40219.1
Project("{FAE04EC0-301F-11D3-BF4B-00C04F79EFBC}") = "SPZLAB7", "SPZLAB7\SPZLAB7.csproj", "{65B2D32E-14D6-494A-931B-19684F586A43}"
EndProject
Global
	GlobalSection(SolutionConfigurationPlatforms) = preSolution
		Debug|Any CPU = Debug|Any CPU
		Release|Any CPU = Release|Any CPU
	EndGlobalSection
	GlobalSection(ProjectConfigurationPlatforms) = postSolution
		{65B2D32E-14D6-494A-931B-19684F586A43}.Debug|Any CPU.ActiveCfg = Debug|Any CPU
		{65B2D32E-14D6-494A-931B-19684F586A43}.Debug|Any CPU.Build.0 = Debug|Any CPU
		{65B2D32E-14D6-494A-931B-19684F586A43}.Release|Any CPU.ActiveCfg = Release|Any CPU
		{65B2D32E-14D6-494A-931B-19684F586A43}.Release|Any CPU.Build.0 = Release|Any CPU
	EndGlobalSection
	GlobalSection(SolutionProperties) = preSolution
		HideSolutionNode = FALSE
	EndGlobalSection
	GlobalSection(ExtensibilityGlobals) = postSolution
		SolutionGuid = {BA4F35AB-F689-4820-B3DB-9DA23C73A79A}
	EndGlobalSection
EndGlobal
